
Microsoft Visual Studio Solution File, Format Version 12.00
# Visual Studio Version 17
VisualStudioVersion = 17.11.35431.28
MinimumVisualStudioVersion = 10.0.40219.1
Project("{FAE04EC0-301F-11D3-BF4B-00C04F79EFBC}") = "CSharp-Server6", "Linux-Docker\CSharp-Server6.csproj", "{F8171BC3-1C6B-4B55-995E-B431B4AC3628}"
EndProject
Global
	GlobalSection(SolutionConfigurationPlatforms) = preSolution
		Debug|Any CPU = Debug|Any CPU
		Release|Any CPU = Release|Any CPU
	EndGlobalSection
	GlobalSection(ProjectConfigurationPlatforms) = postSolution
		{F8171BC3-1C6B-4B55-995E-B431B4AC3628}.Debug|Any CPU.ActiveCfg = Debug|Any CPU
		{F8171BC3-1C6B-4B55-995E-B431B4AC3628}.Debug|Any CPU.Build.0 = Debug|Any CPU
		{F8171BC3-1C6B-4B55-995E-B431B4AC3628}.Release|Any CPU.ActiveCfg = Release|Any CPU
		{F8171BC3-1C6B-4B55-995E-B431B4AC3628}.Release|Any CPU.Build.0 = Release|Any CPU
	EndGlobalSection
	GlobalSection(SolutionProperties) = preSolution
		HideSolutionNode = FALSE
	EndGlobalSection
	GlobalSection(ExtensibilityGlobals) = postSolution
		SolutionGuid = {615DA945-C1F7-4089-A59C-52489F20D76E}
	EndGlobalSection
EndGlobal
